// !$*UTF8*$!
{
	archiveVersion = 1;
	classes = {
	};
	objectVersion = 46;
	objects = {

/* Begin PBXBuildFile section */
		67BFED661C69C2590096E361 /* AppDelegate.swift in Sources */ = {isa = PBXBuildFile; fileRef = 67BFED651C69C2590096E361 /* AppDelegate.swift */; };
		67BFED681C69C2590096E361 /* ViewController.swift in Sources */ = {isa = PBXBuildFile; fileRef = 67BFED671C69C2590096E361 /* ViewController.swift */; };
		67BFED6B1C69C2590096E361 /* Main.storyboard in Resources */ = {isa = PBXBuildFile; fileRef = 67BFED691C69C2590096E361 /* Main.storyboard */; };
		67BFED6D1C69C2590096E361 /* Assets.xcassets in Resources */ = {isa = PBXBuildFile; fileRef = 67BFED6C1C69C2590096E361 /* Assets.xcassets */; };
		67BFED701C69C2590096E361 /* LaunchScreen.storyboard in Resources */ = {isa = PBXBuildFile; fileRef = 67BFED6E1C69C2590096E361 /* LaunchScreen.storyboard */; };
		67BFED791C6A00330096E361 /* TwitterClient.swift in Sources */ = {isa = PBXBuildFile; fileRef = 67BFED781C6A00330096E361 /* TwitterClient.swift */; };
		D71EED0600692C7727418DD6 /* libPods.a in Frameworks */ = {isa = PBXBuildFile; fileRef = C69A06113CB99546038B369D /* libPods.a */; };
/* End PBXBuildFile section */

/* Begin PBXFileReference section */
		013B294BA7D3707688E20C7B /* Pods.release.xcconfig */ = {isa = PBXFileReference; includeInIndex = 1; lastKnownFileType = text.xcconfig; name = Pods.release.xcconfig; path = "Pods/Target Support Files/Pods/Pods.release.xcconfig"; sourceTree = "<group>"; };
		67BFED621C69C2590096E361 /* Twitter.app */ = {isa = PBXFileReference; explicitFileType = wrapper.application; includeInIndex = 0; path = Twitter.app; sourceTree = BUILT_PRODUCTS_DIR; };
		67BFED651C69C2590096E361 /* AppDelegate.swift */ = {isa = PBXFileReference; lastKnownFileType = sourcecode.swift; path = AppDelegate.swift; sourceTree = "<group>"; };
		67BFED671C69C2590096E361 /* ViewController.swift */ = {isa = PBXFileReference; lastKnownFileType = sourcecode.swift; path = ViewController.swift; sourceTree = "<group>"; };
		67BFED6A1C69C2590096E361 /* Base */ = {isa = PBXFileReference; lastKnownFileType = file.storyboard; name = Base; path = Base.lproj/Main.storyboard; sourceTree = "<group>"; };
		67BFED6C1C69C2590096E361 /* Assets.xcassets */ = {isa = PBXFileReference; lastKnownFileType = folder.assetcatalog; path = Assets.xcassets; sourceTree = "<group>"; };
		67BFED6F1C69C2590096E361 /* Base */ = {isa = PBXFileReference; lastKnownFileType = file.storyboard; name = Base; path = Base.lproj/LaunchScreen.storyboard; sourceTree = "<group>"; };
		67BFED711C69C2590096E361 /* Info.plist */ = {isa = PBXFileReference; lastKnownFileType = text.plist.xml; path = Info.plist; sourceTree = "<group>"; };
		67BFED781C6A00330096E361 /* TwitterClient.swift */ = {isa = PBXFileReference; fileEncoding = 4; lastKnownFileType = sourcecode.swift; path = TwitterClient.swift; sourceTree = SOURCE_ROOT; };
		AE9B9574CC8F3DF0D1496712 /* Pods.debug.xcconfig */ = {isa = PBXFileReference; includeInIndex = 1; lastKnownFileType = text.xcconfig; name = Pods.debug.xcconfig; path = "Pods/Target Support Files/Pods/Pods.debug.xcconfig"; sourceTree = "<group>"; };
		C69A06113CB99546038B369D /* libPods.a */ = {isa = PBXFileReference; explicitFileType = archive.ar; includeInIndex = 0; path = libPods.a; sourceTree = BUILT_PRODUCTS_DIR; };
/* End PBXFileReference section */

/* Begin PBXFrameworksBuildPhase section */
		67BFED5F1C69C2590096E361 /* Frameworks */ = {
			isa = PBXFrameworksBuildPhase;
			buildActionMask = 2147483647;
			files = (
				D71EED0600692C7727418DD6 /* libPods.a in Frameworks */,
			);
			runOnlyForDeploymentPostprocessing = 0;
		};
/* End PBXFrameworksBuildPhase section */

/* Begin PBXGroup section */
		67BFED591C69C2590096E361 = {
			isa = PBXGroup;
			children = (
				67BFED641C69C2590096E361 /* Twitter */,
				67BFED631C69C2590096E361 /* Products */,
				AB34EA71DB7DCD4BAADD72E7 /* Pods */,
				F476DA308F050BE89D976212 /* Frameworks */,
			);
			sourceTree = "<group>";
		};
		67BFED631C69C2590096E361 /* Products */ = {
			isa = PBXGroup;
			children = (
				67BFED621C69C2590096E361 /* Twitter.app */,
			);
			name = Products;
			sourceTree = "<group>";
		};
		67BFED641C69C2590096E361 /* Twitter */ = {
			isa = PBXGroup;
			children = (
				67BFED771C69FE0B0096E361 /* API */,
				67BFED651C69C2590096E361 /* AppDelegate.swift */,
				67BFED671C69C2590096E361 /* ViewController.swift */,
				67BFED691C69C2590096E361 /* Main.storyboard */,
				67BFED6C1C69C2590096E361 /* Assets.xcassets */,
				67BFED6E1C69C2590096E361 /* LaunchScreen.storyboard */,
				67BFED711C69C2590096E361 /* Info.plist */,
			);
			path = Twitter;
			sourceTree = "<group>";
		};
		67BFED771C69FE0B0096E361 /* API */ = {
			isa = PBXGroup;
			children = (
				67BFED781C6A00330096E361 /* TwitterClient.swift */,
			);
			name = API;
			sourceTree = "<group>";
		};
		AB34EA71DB7DCD4BAADD72E7 /* Pods */ = {
			isa = PBXGroup;
			children = (
				AE9B9574CC8F3DF0D1496712 /* Pods.debug.xcconfig */,
				013B294BA7D3707688E20C7B /* Pods.release.xcconfig */,
			);
			name = Pods;
			sourceTree = "<group>";
		};
		F476DA308F050BE89D976212 /* Frameworks */ = {
			isa = PBXGroup;
			children = (
				C69A06113CB99546038B369D /* libPods.a */,
			);
			name = Frameworks;
			sourceTree = "<group>";
		};
/* End PBXGroup section */

/* Begin PBXNativeTarget section */
		67BFED611C69C2590096E361 /* Twitter */ = {
			isa = PBXNativeTarget;
			buildConfigurationList = 67BFED741C69C2590096E361 /* Build configuration list for PBXNativeTarget "Twitter" */;
			buildPhases = (
				BBC1FD4B48AAF16498DCC213 /* Check Pods Manifest.lock */,
				67BFED5E1C69C2590096E361 /* Sources */,
				67BFED5F1C69C2590096E361 /* Frameworks */,
				67BFED601C69C2590096E361 /* Resources */,
				4524DC343623EAA112E22EF6 /* Embed Pods Frameworks */,
				F7A44760AD02E9329629EF3B /* Copy Pods Resources */,
			);
			buildRules = (
			);
			dependencies = (
			);
			name = Twitter;
			productName = Twitter;
			productReference = 67BFED621C69C2590096E361 /* Twitter.app */;
			productType = "com.apple.product-type.application";
		};
/* End PBXNativeTarget section */

/* Begin PBXProject section */
		67BFED5A1C69C2590096E361 /* Project object */ = {
			isa = PBXProject;
			attributes = {
				LastSwiftUpdateCheck = 0720;
				LastUpgradeCheck = 0720;
				ORGANIZATIONNAME = "Juan Hernandez";
				TargetAttributes = {
					67BFED611C69C2590096E361 = {
						CreatedOnToolsVersion = 7.2;
					};
				};
			};
			buildConfigurationList = 67BFED5D1C69C2590096E361 /* Build configuration list for PBXProject "Twitter" */;
			compatibilityVersion = "Xcode 3.2";
			developmentRegion = English;
			hasScannedForEncodings = 0;
			knownRegions = (
				en,
				Base,
			);
			mainGroup = 67BFED591C69C2590096E361;
			productRefGroup = 67BFED631C69C2590096E361 /* Products */;
			projectDirPath = "";
			projectRoot = "";
			targets = (
				67BFED611C69C2590096E361 /* Twitter */,
			);
		};
/* End PBXProject section */

/* Begin PBXResourcesBuildPhase section */
		67BFED601C69C2590096E361 /* Resources */ = {
			isa = PBXResourcesBuildPhase;
			buildActionMask = 2147483647;
			files = (
				67BFED701C69C2590096E361 /* LaunchScreen.storyboard in Resources */,
				67BFED6D1C69C2590096E361 /* Assets.xcassets in Resources */,
				67BFED6B1C69C2590096E361 /* Main.storyboard in Resources */,
			);
			runOnlyForDeploymentPostprocessing = 0;
		};
/* End PBXResourcesBuildPhase section */

/* Begin PBXShellScriptBuildPhase section */
		4524DC343623EAA112E22EF6 /* Embed Pods Frameworks */ = {
			isa = PBXShellScriptBuildPhase;
			buildActionMask = 2147483647;
			files = (
			);
			inputPaths = (
			);
			name = "Embed Pods Frameworks";
			outputPaths = (
			);
			runOnlyForDeploymentPostprocessing = 0;
			shellPath = /bin/sh;
			shellScript = "\"${SRCROOT}/Pods/Target Support Files/Pods/Pods-frameworks.sh\"\n";
			showEnvVarsInLog = 0;
		};
		BBC1FD4B48AAF16498DCC213 /* Check Pods Manifest.lock */ = {
			isa = PBXShellScriptBuildPhase;
			buildActionMask = 2147483647;
			files = (
			);
			inputPaths = (
			);
			name = "Check Pods Manifest.lock";
			outputPaths = (
			);
			runOnlyForDeploymentPostprocessing = 0;
			shellPath = /bin/sh;
			shellScript = "diff \"${PODS_ROOT}/../Podfile.lock\" \"${PODS_ROOT}/Manifest.lock\" > /dev/null\nif [[ $? != 0 ]] ; then\n    cat << EOM\nerror: The sandbox is not in sync with the Podfile.lock. Run 'pod install' or update your CocoaPods installation.\nEOM\n    exit 1\nfi\n";
			showEnvVarsInLog = 0;
		};
		F7A44760AD02E9329629EF3B /* Copy Pods Resources */ = {
			isa = PBXShellScriptBuildPhase;
			buildActionMask = 2147483647;
			files = (
			);
			inputPaths = (
			);
			name = "Copy Pods Resources";
			outputPaths = (
			);
			runOnlyForDeploymentPostprocessing = 0;
			shellPath = /bin/sh;
			shellScript = "\"${SRCROOT}/Pods/Target Support Files/Pods/Pods-resources.sh\"\n";
			showEnvVarsInLog = 0;
		};
/* End PBXShellScriptBuildPhase section */

/* Begin PBXSourcesBuildPhase section */
		67BFED5E1C69C2590096E361 /* Sources */ = {
			isa = PBXSourcesBuildPhase;
			buildActionMask = 2147483647;
			files = (
				67BFED681C69C2590096E361 /* ViewController.swift in Sources */,
				67BFED791C6A00330096E361 /* TwitterClient.swift in Sources */,
				67BFED661C69C2590096E361 /* AppDelegate.swift in Sources */,
			);
			runOnlyForDeploymentPostprocessing = 0;
		};
/* End PBXSourcesBuildPhase section */

/* Begin PBXVariantGroup section */
		67BFED691C69C2590096E361 /* Main.storyboard */ = {
			isa = PBXVariantGroup;
			children = (
				67BFED6A1C69C2590096E361 /* Base */,
			);
			name = Main.storyboard;
			sourceTree = "<group>";
		};
		67BFED6E1C69C2590096E361 /* LaunchScreen.storyboard */ = {
			isa = PBXVariantGroup;
			children = (
				67BFED6F1C69C2590096E361 /* Base */,
			);
			name = LaunchScreen.storyboard;
			sourceTree = "<group>";
		};
/* End PBXVariantGroup section */

/* Begin XCBuildConfiguration section */
		67BFED721C69C2590096E361 /* Debug */ = {
			isa = XCBuildConfiguration;
			buildSettings = {
				ALWAYS_SEARCH_USER_PATHS = NO;
				CLANG_CXX_LANGUAGE_STANDARD = "gnu++0x";
				CLANG_CXX_LIBRARY = "libc++";
				CLANG_ENABLE_MODULES = YES;
				CLANG_ENABLE_OBJC_ARC = YES;
				CLANG_WARN_BOOL_CONVERSION = YES;
				CLANG_WARN_CONSTANT_CONVERSION = YES;
				CLANG_WARN_DIRECT_OBJC_ISA_USAGE = YES_ERROR;
				CLANG_WARN_EMPTY_BODY = YES;
				CLANG_WARN_ENUM_CONVERSION = YES;
				CLANG_WARN_INT_CONVERSION = YES;
				CLANG_WARN_OBJC_ROOT_CLASS = YES_ERROR;
				CLANG_WARN_UNREACHABLE_CODE = YES;
				CLANG_WARN__DUPLICATE_METHOD_MATCH = YES;
				"CODE_SIGN_IDENTITY[sdk=iphoneos*]" = "iPhone Developer";
				COPY_PHASE_STRIP = NO;
				DEBUG_INFORMATION_FORMAT = dwarf;
				ENABLE_STRICT_OBJC_MSGSEND = YES;
				ENABLE_TESTABILITY = YES;
				GCC_C_LANGUAGE_STANDARD = gnu99;
				GCC_DYNAMIC_NO_PIC = NO;
				GCC_NO_COMMON_BLOCKS = YES;
				GCC_OPTIMIZATION_LEVEL = 0;
				GCC_PREPROCESSOR_DEFINITIONS = (
					"DEBUG=1",
					"$(inherited)",
				);
				GCC_WARN_64_TO_32_BIT_CONVERSION = YES;
				GCC_WARN_ABOUT_RETURN_TYPE = YES_ERROR;
				GCC_WARN_UNDECLARED_SELECTOR = YES;
				GCC_WARN_UNINITIALIZED_AUTOS = YES_AGGRESSIVE;
				GCC_WARN_UNUSED_FUNCTION = YES;
				GCC_WARN_UNUSED_VARIABLE = YES;
				IPHONEOS_DEPLOYMENT_TARGET = 9.2;
				MTL_ENABLE_DEBUG_INFO = YES;
				ONLY_ACTIVE_ARCH = YES;
				SDKROOT = iphoneos;
				SWIFT_OPTIMIZATION_LEVEL = "-Onone";
			};
			name = Debug;
		};
		67BFED731C69C2590096E361 /* Release */ = {
			isa = XCBuildConfiguration;
			buildSettings = {
				ALWAYS_SEARCH_USER_PATHS = NO;
				CLANG_CXX_LANGUAGE_STANDARD = "gnu++0x";
				CLANG_CXX_LIBRARY = "libc++";
				CLANG_ENABLE_MODULES = YES;
				CLANG_ENABLE_OBJC_ARC = YES;
				CLANG_WARN_BOOL_CONVERSION = YES;
				CLANG_WARN_CONSTANT_CONVERSION = YES;
				CLANG_WARN_DIRECT_OBJC_ISA_USAGE = YES_ERROR;
				CLANG_WARN_EMPTY_BODY = YES;
				CLANG_WARN_ENUM_CONVERSION = YES;
				CLANG_WARN_INT_CONVERSION = YES;
				CLANG_WARN_OBJC_ROOT_CLASS = YES_ERROR;
				CLANG_WARN_UNREACHABLE_CODE = YES;
				CLANG_WARN__DUPLICATE_METHOD_MATCH = YES;
				"CODE_SIGN_IDENTITY[sdk=iphoneos*]" = "iPhone Developer";
				COPY_PHASE_STRIP = NO;
				DEBUG_INFORMATION_FORMAT = "dwarf-with-dsym";
				ENABLE_NS_ASSERTIONS = NO;
				ENABLE_STRICT_OBJC_MSGSEND = YES;
				GCC_C_LANGUAGE_STANDARD = gnu99;
				GCC_NO_COMMON_BLOCKS = YES;
				GCC_WARN_64_TO_32_BIT_CONVERSION = YES;
				GCC_WARN_ABOUT_RETURN_TYPE = YES_ERROR;
				GCC_WARN_UNDECLARED_SELECTOR = YES;
				GCC_WARN_UNINITIALIZED_AUTOS = YES_AGGRESSIVE;
				GCC_WARN_UNUSED_FUNCTION = YES;
				GCC_WARN_UNUSED_VARIABLE = YES;
				IPHONEOS_DEPLOYMENT_TARGET = 9.2;
				MTL_ENABLE_DEBUG_INFO = NO;
				SDKROOT = iphoneos;
				VALIDATE_PRODUCT = YES;
			};
			name = Release;
		};
		67BFED751C69C2590096E361 /* Debug */ = {
			isa = XCBuildConfiguration;
			baseConfigurationReference = AE9B9574CC8F3DF0D1496712 /* Pods.debug.xcconfig */;
			buildSettings = {
				ASSETCATALOG_COMPILER_APPICON_NAME = AppIcon;
				INFOPLIST_FILE = Twitter/Info.plist;
				LD_RUNPATH_SEARCH_PATHS = "$(inherited) @executable_path/Frameworks";
				PRODUCT_BUNDLE_IDENTIFIER = com.codepath.Twitter;
				PRODUCT_NAME = "$(TARGET_NAME)";
			};
			name = Debug;
		};
		67BFED761C69C2590096E361 /* Release */ = {
			isa = XCBuildConfiguration;
			baseConfigurationReference = 013B294BA7D3707688E20C7B /* Pods.release.xcconfig */;
			buildSettings = {
				ASSETCATALOG_COMPILER_APPICON_NAME = AppIcon;
				INFOPLIST_FILE = Twitter/Info.plist;
				LD_RUNPATH_SEARCH_PATHS = "$(inherited) @executable_path/Frameworks";
				PRODUCT_BUNDLE_IDENTIFIER = com.codepath.Twitter;
				PRODUCT_NAME = "$(TARGET_NAME)";
			};
			name = Release;
		};
/* End XCBuildConfiguration section */

/* Begin XCConfigurationList section */
		67BFED5D1C69C2590096E361 /* Build configuration list for PBXProject "Twitter" */ = {
			isa = XCConfigurationList;
			buildConfigurations = (
				67BFED721C69C2590096E361 /* Debug */,
				67BFED731C69C2590096E361 /* Release */,
			);
			defaultConfigurationIsVisible = 0;
			defaultConfigurationName = Release;
		};
		67BFED741C69C2590096E361 /* Build configuration list for PBXNativeTarget "Twitter" */ = {
			isa = XCConfigurationList;
			buildConfigurations = (
				67BFED751C69C2590096E361 /* Debug */,
				67BFED761C69C2590096E361 /* Release */,
			);
			defaultConfigurationIsVisible = 0;
			defaultConfigurationName = Release;
		};
/* End XCConfigurationList section */
	};
	rootObject = 67BFED5A1C69C2590096E361 /* Project object */;
}
